<?xml version="1.0" encoding="UTF-8" standalone="yes" ?>
<CodeBlocks_project_file>
	<FileVersion major="1" minor="6" />
	<Project>
		<Option title="Image" />
		<Option pch_mode="2" />
		<Option compiler="gcc" />
		<Option extended_obj_names="1" />
		<Build>
			<Target title="Debug">
				<Option output="Debug/bin/Image" prefix_auto="1" extension_auto="1" />
				<Option object_output="Debug/obj" />
				<Option type="0" />
				<Option compiler="gcc" />
				<Compiler>
					<Add option="-Wnon-virtual-dtor" />
					<Add option="-Wshadow" />
					<Add option="-Winit-self" />
					<Add option="-Wredundant-decls" />
					<Add option="-Wcast-align" />
					<Add option="-Wundef" />
					<Add option="-Wfloat-equal" />
					<Add option="-Wunreachable-code" />
					<Add option="-Wmissing-declarations" />
					<Add option="-Wswitch-enum" />
					<Add option="-Wswitch-default" />
					<Add option="-Wmain" />
					<Add option="-pedantic-errors" />
					<Add option="-pedantic" />
					<Add option="-Wextra" />
					<Add option="-Wall" />
					<Add option="-std=c17" />
					<Add option="-pg" />
					<Add option="-m64" />
					<Add option="-g" />
					<Add option="-Wzero-as-null-pointer-constant" />
					<Add option="-municode" />
					<Add option="-ftemplate-backtrace-limit=0" />
					<Add option="-finput-charset=UTF-8" />
					<Add option="-fexec-charset=UTF-8" />
					<Add option="-fsanitize=undefined" />
					<Add option="-fno-sanitize-recover=undefined" />
					<Add option="-fsanitize-undefined-trap-on-error" />
					<Add option="-ggdb" />
					<Add option="-DWINVER=0x410" />
					<Add option="-D_WIN32_WINNT=0x0501" />
					<Add option="-DMEMORY_MANAGEMENT=1" />
					<Add option="-D_UNICODE" />
					<Add option="-DUNICODE" />
					<Add option="-D_DEBUG" />
					<Add directory="../../Utilities" />
					<Add directory="../Utilities" />
					<Add directory="../Zlib-1.3.1" />
					<Add directory="../Zlib-1.3.1-additional" />
				</Compiler>
				<Linker>
					<Add option="-pg -lgmon" />
					<Add option="-static-libstdc++" />
					<Add option="-static-libgcc" />
					<Add option="-static" />
					<Add option="-m64" />
					<Add option="-fexceptions" />
					<Add option="-fsanitize=undefined" />
					<Add option="-fno-sanitize-recover=undefined" />
					<Add option="-fsanitize-undefined-trap-on-error" />
					<Add option="-Wl,-Map=Debug\bin\main.map" />
					<Add library="Msimg32" />
					<Add library="comdlg32" />
					<Add library="comctl32" />
					<Add library="shlwapi" />
					<Add library="gdi32" />
					<Add library="zlibstatic" />
					<Add directory="../Zlib-1.3.1" />
					<Add directory="../Zlib-1.3.1-additional" />
				</Linker>
			</Target>
			<Target title="Release">
				<Option output="Release/bin/Image" prefix_auto="1" extension_auto="1" />
				<Option object_output="Release/obj" />
				<Option type="0" />
				<Option compiler="gcc" />
				<Compiler>
					<Add option="-fomit-frame-pointer" />
					<Add option="-fexpensive-optimizations" />
					<Add option="-flto" />
					<Add option="-O3" />
					<Add option="-Wnon-virtual-dtor" />
					<Add option="-Wshadow" />
					<Add option="-Winit-self" />
					<Add option="-Wredundant-decls" />
					<Add option="-Wcast-align" />
					<Add option="-Wundef" />
					<Add option="-Wfloat-equal" />
					<Add option="-Wunreachable-code" />
					<Add option="-Wmissing-declarations" />
					<Add option="-Wswitch-enum" />
					<Add option="-Wswitch-default" />
					<Add option="-Wmain" />
					<Add option="-pedantic-errors" />
					<Add option="-pedantic" />
					<Add option="-Wextra" />
					<Add option="-Wall" />
					<Add option="-std=c17" />
					<Add option="-m64" />
					<Add option="-Wzero-as-null-pointer-constant" />
					<Add option="-municode" />
					<Add option="-ftemplate-backtrace-limit=0" />
					<Add option="-finput-charset=UTF-8" />
					<Add option="-fexec-charset=UTF-8" />
					<Add option="-DWINVER=0x410" />
					<Add option="-D_WIN32_WINNT=0x0501" />
					<Add option="-DMEMORY_MANAGEMENT=1" />
					<Add option="-D_UNICODE" />
					<Add option="-DUNICODE" />
					<Add directory="../../Utilities" />
					<Add directory="../Utilities" />
					<Add directory="../Zlib-1.3.1" />
					<Add directory="../Zlib-1.3.1-additional" />
				</Compiler>
				<Linker>
					<Add option="-O3" />
					<Add option="-flto" />
					<Add option="-s" />
					<Add option="-static-libstdc++" />
					<Add option="-static-libgcc" />
					<Add option="-static" />
					<Add option="-m64" />
					<Add option="-fexceptions" />
					<Add library="Msimg32" />
					<Add library="comdlg32" />
					<Add library="comctl32" />
					<Add library="shlwapi" />
					<Add library="gdi32" />
					<Add library="zlibstatic" />
					<Add directory="../Zlib-1.3.1" />
					<Add directory="../Zlib-1.3.1-additional" />
				</Linker>
			</Target>
		</Build>
		<Compiler>
			<Add option="-Wall" />
			<Add option="-fexceptions" />
			<Add option="-DWIN32" />
			<Add option="-DNDEBUG" />
			<Add option="-D_WINDOWS" />
			<Add option="-D_MBCS" />
		</Compiler>
		<Linker>
			<Add library="gdi32" />
			<Add library="comdlg32" />
		</Linker>
		<Unit filename="../Utilities/Affine2D.cpp" />
		<Unit filename="../Utilities/Affine2D.h" />
		<Unit filename="../Utilities/Affine3D.cpp" />
		<Unit filename="../Utilities/Affine3D.h" />
		<Unit filename="../Utilities/Basic.cpp" />
		<Unit filename="../Utilities/Basic.h" />
		<Unit filename="../Utilities/Bits.cpp" />
		<Unit filename="../Utilities/Bits.h" />
		<Unit filename="../Utilities/Bitset.cpp" />
		<Unit filename="../Utilities/Bitset.h" />
		<Unit filename="../Utilities/Buffer.cpp" />
		<Unit filename="../Utilities/Buffer.h" />
		<Unit filename="../Utilities/ChangedValue.cpp" />
		<Unit filename="../Utilities/ChangedValue.h" />
		<Unit filename="../Utilities/Clipboard.cpp" />
		<Unit filename="../Utilities/Clipboard.h" />
		<Unit filename="../Utilities/Complex.cpp" />
		<Unit filename="../Utilities/Complex.h" />
		<Unit filename="../Utilities/Connect.cpp" />
		<Unit filename="../Utilities/Connect.h" />
		<Unit filename="../Utilities/Console.cpp" />
		<Unit filename="../Utilities/Console.h" />
		<Unit filename="../Utilities/Context.cpp" />
		<Unit filename="../Utilities/Context.h" />
		<Unit filename="../Utilities/EntityCounter.cpp" />
		<Unit filename="../Utilities/EntityCounter.h" />
		<Unit filename="../Utilities/Exception.cpp" />
		<Unit filename="../Utilities/Exception.h" />
		<Unit filename="../Utilities/GetPathToFile.cpp" />
		<Unit filename="../Utilities/GetPathToFile.h" />
		<Unit filename="../Utilities/Image/ANYF.cpp" />
		<Unit filename="../Utilities/Image/ANYF.h" />
		<Unit filename="../Utilities/Image/BMP.cpp" />
		<Unit filename="../Utilities/Image/BMP.h" />
		<Unit filename="../Utilities/Image/Data.cpp" />
		<Unit filename="../Utilities/Image/Data.h" />
		<Unit filename="../Utilities/Image/Format.cpp" />
		<Unit filename="../Utilities/Image/Format.h" />
		<Unit filename="../Utilities/Image/JPG.cpp" />
		<Unit filename="../Utilities/Image/JPG.h" />
		<Unit filename="../Utilities/Image/PNG.cpp" />
		<Unit filename="../Utilities/Image/PNG.h" />
		<Unit filename="../Utilities/Image/PixelIO.cpp" />
		<Unit filename="../Utilities/Image/PixelIO.h" />
		<Unit filename="../Utilities/Image/Reference.cpp" />
		<Unit filename="../Utilities/Image/Reference.h" />
		<Unit filename="../Utilities/Image/Translate.cpp" />
		<Unit filename="../Utilities/Image/Translate.h" />
		<Unit filename="../Utilities/Information.cpp" />
		<Unit filename="../Utilities/Information.h" />
		<Unit filename="../Utilities/Lambda.cpp" />
		<Unit filename="../Utilities/Lambda.h" />
		<Unit filename="../Utilities/Library.cpp" />
		<Unit filename="../Utilities/Library.h" />
		<Unit filename="../Utilities/Matrix.cpp" />
		<Unit filename="../Utilities/Matrix.h" />
		<Unit filename="../Utilities/Matrix2D.cpp" />
		<Unit filename="../Utilities/Matrix2D.h" />
		<Unit filename="../Utilities/Matrix3D.cpp" />
		<Unit filename="../Utilities/Matrix3D.h" />
		<Unit filename="../Utilities/MatrixArithmetic.cpp" />
		<Unit filename="../Utilities/MatrixArithmetic.h" />
		<Unit filename="../Utilities/Mesh.cpp" />
		<Unit filename="../Utilities/Mesh.h" />
		<Unit filename="../Utilities/Pause.cpp" />
		<Unit filename="../Utilities/Pause.h" />
		<Unit filename="../Utilities/Permutation.cpp" />
		<Unit filename="../Utilities/Permutation.h" />
		<Unit filename="../Utilities/Polygon.cpp" />
		<Unit filename="../Utilities/Polygon.h" />
		<Unit filename="../Utilities/RandomNumber.cpp" />
		<Unit filename="../Utilities/RandomNumber.h" />
		<Unit filename="../Utilities/RandomString.cpp" />
		<Unit filename="../Utilities/RandomString.h" />
		<Unit filename="../Utilities/Scanner.cpp" />
		<Unit filename="../Utilities/Scanner.h" />
		<Unit filename="../Utilities/Tests.cpp" />
		<Unit filename="../Utilities/Tests.h" />
		<Unit filename="../Utilities/Thread.cpp" />
		<Unit filename="../Utilities/Thread.h" />
		<Unit filename="../Utilities/UnicodeString.cpp" />
		<Unit filename="../Utilities/UnicodeString.h" />
		<Unit filename="../Utilities/Vector2D.cpp" />
		<Unit filename="../Utilities/Vector2D.h" />
		<Unit filename="../Utilities/Vector3D.cpp" />
		<Unit filename="../Utilities/Vector3D.h" />
		<Unit filename="../Utilities/Window.cpp" />
		<Unit filename="../Utilities/Window.h" />
		<Unit filename="ApplyKernel.cpp" />
		<Unit filename="ApplyKernel.h" />
		<Unit filename="BitmapTools.cpp" />
		<Unit filename="BitmapTools.h" />
		<Unit filename="CheckProgress.cpp" />
		<Unit filename="CheckProgress.h" />
		<Unit filename="CompositeObject.cpp" />
		<Unit filename="CompositeObject.h" />
		<Unit filename="Curve.cpp" />
		<Unit filename="Curve.h" />
		<Unit filename="Ellipse.cpp" />
		<Unit filename="Ellipse.h" />
		<Unit filename="Filters.cpp" />
		<Unit filename="Filters.h" />
		<Unit filename="GetImage.cpp" />
		<Unit filename="GetImage.h" />
		<Unit filename="ImageData.cpp" />
		<Unit filename="ImageData.h" />
		<Unit filename="ImageDataBase.cpp" />
		<Unit filename="ImageDataBase.h" />
		<Unit filename="ImageWindow.cpp" />
		<Unit filename="ImageWindow.h" />
		<Unit filename="JustEdit.cpp" />
		<Unit filename="JustEdit.h" />
		<Unit filename="Line.cpp" />
		<Unit filename="Line.h" />
		<Unit filename="Outline.cpp" />
		<Unit filename="Outline.h" />
		<Unit filename="Overlap.cpp" />
		<Unit filename="Overlap.h" />
		<Unit filename="Palette.cpp" />
		<Unit filename="Palette.h" />
		<Unit filename="ProceduralTextures.cpp" />
		<Unit filename="ProceduralTextures.h" />
		<Unit filename="Quadrangle.cpp" />
		<Unit filename="Quadrangle.h" />
		<Unit filename="Text.cpp" />
		<Unit filename="Text.h" />
		<Unit filename="main.cpp" />
		<Unit filename="resource.h" />
		<Unit filename="resource.rc">
			<Option compilerVar="WINDRES" />
		</Unit>
		<Unit filename="tests/Common.cpp" />
		<Unit filename="tests/Common.h" />
		<Unit filename="tests/Test_00_save_and_load.cpp" />
		<Unit filename="tests/Test_00_save_and_load.h" />
		<Unit filename="tests/Test_01_screenshot_and_clipboard.cpp" />
		<Unit filename="tests/Test_01_screenshot_and_clipboard.h" />
		<Unit filename="tests/Test_02_stride_difference.cpp" />
		<Unit filename="tests/Test_02_stride_difference.h" />
		<Unit filename="tests/Test_03_clipboard_and_text.cpp" />
		<Unit filename="tests/Test_03_clipboard_and_text.h" />
		<Unit filename="tests/Test_04_image_processing.cpp" />
		<Unit filename="tests/Test_04_image_processing.h" />
		<Unit filename="tests/Test_05_interactive_window.cpp" />
		<Unit filename="tests/Test_05_interactive_window.h" />
		<Unit filename="tests/Test_06_composite_object.cpp" />
		<Unit filename="tests/Test_06_composite_object.h" />
		<Unit filename="tests/Test_07_window_with_an_image.cpp" />
		<Unit filename="tests/Test_07_window_with_an_image.h" />
		<Unit filename="tests/Test_08_basic_shapes.cpp" />
		<Unit filename="tests/Test_08_basic_shapes.h" />
		<Unit filename="tests/Test_09_colourful_rectangle_trace.cpp" />
		<Unit filename="tests/Test_09_colourful_rectangle_trace.h" />
		<Unit filename="tests/Test_10_resaving_transparent_image.cpp" />
		<Unit filename="tests/Test_10_resaving_transparent_image.h" />
		<Unit filename="tests/Test_11_tasks.cpp" />
		<Unit filename="tests/Test_11_tasks.h" />
		<Unit filename="tests/Test_12_watermelon.cpp" />
		<Unit filename="tests/Test_12_watermelon.h" />
		<Unit filename="tests/Test_13_rotating_image.cpp" />
		<Unit filename="tests/Test_13_rotating_image.h" />
		<Unit filename="tests/Test_14_tiling.cpp" />
		<Unit filename="tests/Test_14_tiling.h" />
		<Unit filename="tests/Test_15_DDS.cpp" />
		<Unit filename="tests/Test_15_DDS.h" />
		<Unit filename="tests/Test_16_ICO.cpp" />
		<Unit filename="tests/Test_16_ICO.h" />
		<Unit filename="tests/Test_18_color_vector.cpp" />
		<Unit filename="tests/Test_18_color_vector.h" />
		<Unit filename="tests/Test_19_icon_for_console.cpp" />
		<Unit filename="tests/Test_19_icon_for_console.h" />
		<Unit filename="tests/Test_20_discrete_graphs.cpp" />
		<Unit filename="tests/Test_20_discrete_graphs.h" />
		<Unit filename="tests/Test_21_Mandelbrot_set.cpp" />
		<Unit filename="tests/Test_21_Mandelbrot_set.h" />
		<Unit filename="tests/Test_22_Polygon.cpp" />
		<Unit filename="tests/Test_22_Polygon.h" />
		<Unit filename="tests/Test_23_translate.cpp" />
		<Unit filename="tests/Test_23_translate.h" />
		<Unit filename="tests/Test_24_icon_for_image.cpp" />
		<Unit filename="tests/Test_24_icon_for_image.h" />
		<Unit filename="tests/Test_25_remove_checkered_pattern.cpp" />
		<Unit filename="tests/Test_25_remove_checkered_pattern.h" />
		<Unit filename="tests/Test_26_Force_image_size.cpp" />
		<Unit filename="tests/Test_26_Force_image_size.h" />
		<Unit filename="tests/Test_27_Mesh.cpp" />
		<Unit filename="tests/Test_27_Mesh.h" />
		<Unit filename="tests/Test_28_Tree.cpp" />
		<Unit filename="tests/Test_28_Tree.h" />
		<Unit filename="tests/Test_29_Carpet.cpp" />
		<Unit filename="tests/Test_29_Carpet.h" />
		<Unit filename="tests/Test_30_Flower.cpp" />
		<Unit filename="tests/Test_30_Flower.h" />
		<Unit filename="tests/Test_31_Procedural_textures.cpp" />
		<Unit filename="tests/Test_31_Procedural_textures.h" />
		<Unit filename="tests/Test_32_JustEdit.cpp" />
		<Unit filename="tests/Test_32_JustEdit.h" />
		<Unit filename="tests/Test_X0.cpp" />
		<Unit filename="tests/Test_X0.h" />
		<Unit filename="tests/Test_X1.cpp" />
		<Unit filename="tests/Test_X1.h" />
		<Unit filename="tests/Test_X2.cpp" />
		<Unit filename="tests/Test_X2.h" />
		<Unit filename="tests/Test_X3.cpp" />
		<Unit filename="tests/Test_X3.h" />
		<Extensions>
			<lib_finder disable_auto="1" />
		</Extensions>
	</Project>
</CodeBlocks_project_file>
